
Microsoft Visual Studio Solution File, Format Version 12.00
# Visual Studio Version 17
VisualStudioVersion = 17.13.35931.197 d17.13
MinimumVisualStudioVersion = 10.0.40219.1
Project("{FAE04EC0-301F-11D3-BF4B-00C04F79EFBC}") = "lab2", "lab2\lab2.csproj", "{019D9C32-1C8A-4A88-B5AA-6D6BFFF8DBA3}"
EndProject
Global
	GlobalSection(SolutionConfigurationPlatforms) = preSolution
		Debug|Any CPU = Debug|Any CPU
		Release|Any CPU = Release|Any CPU
	EndGlobalSection
	GlobalSection(ProjectConfigurationPlatforms) = postSolution
		{019D9C32-1C8A-4A88-B5AA-6D6BFFF8DBA3}.Debug|Any CPU.ActiveCfg = Debug|Any CPU
		{019D9C32-1C8A-4A88-B5AA-6D6BFFF8DBA3}.Debug|Any CPU.Build.0 = Debug|Any CPU
		{019D9C32-1C8A-4A88-B5AA-6D6BFFF8DBA3}.Release|Any CPU.ActiveCfg = Release|Any CPU
		{019D9C32-1C8A-4A88-B5AA-6D6BFFF8DBA3}.Release|Any CPU.Build.0 = Release|Any CPU
	EndGlobalSection
	GlobalSection(SolutionProperties) = preSolution
		HideSolutionNode = FALSE
	EndGlobalSection
	GlobalSection(ExtensibilityGlobals) = postSolution
		SolutionGuid = {76BD6C09-3C9B-4ED5-A506-F7606663E456}
	EndGlobalSection
EndGlobal
